
Microsoft Visual Studio Solution File, Format Version 12.00
# Visual Studio Version 17
VisualStudioVersion = 17.4.33213.308
MinimumVisualStudioVersion = 10.0.40219.1
Project("{9A19103F-16F7-4668-BE54-9A1E7A4F7556}") = "BurakNews.Core", "BurakNews.Core\BurakNews.Core.csproj", "{FDFF91B7-F4B9-4C09-A51A-FDC453D9B417}"
EndProject
Project("{9A19103F-16F7-4668-BE54-9A1E7A4F7556}") = "BurakNews.Repository", "BurakNews.Repository\BurakNews.Repository.csproj", "{5A85D144-4552-4F99-A23F-56286B8BF2D8}"
EndProject
Project("{9A19103F-16F7-4668-BE54-9A1E7A4F7556}") = "BurakNews.Service", "BurakNews.Services\BurakNews.Service.csproj", "{229A3E25-0105-4102-9659-D24A91878FD9}"
EndProject
Project("{9A19103F-16F7-4668-BE54-9A1E7A4F7556}") = "BurakNews.API", "BurakNews.API\BurakNews.API.csproj", "{560620D9-9C64-45EF-8D0A-472A9BCB0BD1}"
EndProject
Project("{9A19103F-16F7-4668-BE54-9A1E7A4F7556}") = "BurakNews.Caching", "BurakNews.Caching\BurakNews.Caching.csproj", "{0DF122D1-E83D-467F-875C-93626E9999C3}"
EndProject
Project("{9A19103F-16F7-4668-BE54-9A1E7A4F7556}") = "BurakNews.Web", "BurakNews.Web\BurakNews.Web.csproj", "{F85DA36D-A1FC-4A61-8330-7F91CF8D11B0}"
EndProject
Project("{9A19103F-16F7-4668-BE54-9A1E7A4F7556}") = "BurakNews.Auth", "BurakNews.Auth\BurakNews.Auth.csproj", "{B5780187-F7FE-475C-8381-CDCF8873C50A}"
EndProject
Project("{2150E333-8FDC-42A3-9474-1A3956D46DE8}") = "Solution Items", "Solution Items", "{FE9E7AA4-D77F-4CEF-B46E-434BB34B0B25}"
	ProjectSection(SolutionItems) = preProject
		Ports.txt = Ports.txt
	EndProjectSection
EndProject
Global
	GlobalSection(SolutionConfigurationPlatforms) = preSolution
		Debug|Any CPU = Debug|Any CPU
		Release|Any CPU = Release|Any CPU
	EndGlobalSection
	GlobalSection(ProjectConfigurationPlatforms) = postSolution
		{FDFF91B7-F4B9-4C09-A51A-FDC453D9B417}.Debug|Any CPU.ActiveCfg = Debug|Any CPU
		{FDFF91B7-F4B9-4C09-A51A-FDC453D9B417}.Debug|Any CPU.Build.0 = Debug|Any CPU
		{FDFF91B7-F4B9-4C09-A51A-FDC453D9B417}.Release|Any CPU.ActiveCfg = Release|Any CPU
		{FDFF91B7-F4B9-4C09-A51A-FDC453D9B417}.Release|Any CPU.Build.0 = Release|Any CPU
		{5A85D144-4552-4F99-A23F-56286B8BF2D8}.Debug|Any CPU.ActiveCfg = Debug|Any CPU
		{5A85D144-4552-4F99-A23F-56286B8BF2D8}.Debug|Any CPU.Build.0 = Debug|Any CPU
		{5A85D144-4552-4F99-A23F-56286B8BF2D8}.Release|Any CPU.ActiveCfg = Release|Any CPU
		{5A85D144-4552-4F99-A23F-56286B8BF2D8}.Release|Any CPU.Build.0 = Release|Any CPU
		{229A3E25-0105-4102-9659-D24A91878FD9}.Debug|Any CPU.ActiveCfg = Debug|Any CPU
		{229A3E25-0105-4102-9659-D24A91878FD9}.Debug|Any CPU.Build.0 = Debug|Any CPU
		{229A3E25-0105-4102-9659-D24A91878FD9}.Release|Any CPU.ActiveCfg = Release|Any CPU
		{229A3E25-0105-4102-9659-D24A91878FD9}.Release|Any CPU.Build.0 = Release|Any CPU
		{560620D9-9C64-45EF-8D0A-472A9BCB0BD1}.Debug|Any CPU.ActiveCfg = Debug|Any CPU
		{560620D9-9C64-45EF-8D0A-472A9BCB0BD1}.Debug|Any CPU.Build.0 = Debug|Any CPU
		{560620D9-9C64-45EF-8D0A-472A9BCB0BD1}.Release|Any CPU.ActiveCfg = Release|Any CPU
		{560620D9-9C64-45EF-8D0A-472A9BCB0BD1}.Release|Any CPU.Build.0 = Release|Any CPU
		{0DF122D1-E83D-467F-875C-93626E9999C3}.Debug|Any CPU.ActiveCfg = Debug|Any CPU
		{0DF122D1-E83D-467F-875C-93626E9999C3}.Debug|Any CPU.Build.0 = Debug|Any CPU
		{0DF122D1-E83D-467F-875C-93626E9999C3}.Release|Any CPU.ActiveCfg = Release|Any CPU
		{0DF122D1-E83D-467F-875C-93626E9999C3}.Release|Any CPU.Build.0 = Release|Any CPU
		{F85DA36D-A1FC-4A61-8330-7F91CF8D11B0}.Debug|Any CPU.ActiveCfg = Debug|Any CPU
		{F85DA36D-A1FC-4A61-8330-7F91CF8D11B0}.Debug|Any CPU.Build.0 = Debug|Any CPU
		{F85DA36D-A1FC-4A61-8330-7F91CF8D11B0}.Release|Any CPU.ActiveCfg = Release|Any CPU
		{F85DA36D-A1FC-4A61-8330-7F91CF8D11B0}.Release|Any CPU.Build.0 = Release|Any CPU
		{B5780187-F7FE-475C-8381-CDCF8873C50A}.Debug|Any CPU.ActiveCfg = Debug|Any CPU
		{B5780187-F7FE-475C-8381-CDCF8873C50A}.Debug|Any CPU.Build.0 = Debug|Any CPU
		{B5780187-F7FE-475C-8381-CDCF8873C50A}.Release|Any CPU.ActiveCfg = Release|Any CPU
		{B5780187-F7FE-475C-8381-CDCF8873C50A}.Release|Any CPU.Build.0 = Release|Any CPU
	EndGlobalSection
	GlobalSection(SolutionProperties) = preSolution
		HideSolutionNode = FALSE
	EndGlobalSection
	GlobalSection(ExtensibilityGlobals) = postSolution
		SolutionGuid = {06AFB80B-62F3-492A-8250-C0BC656CDADC}
	EndGlobalSection
EndGlobal
